
Microsoft Visual Studio Solution File, Format Version 12.00
# Visual Studio Version 16
VisualStudioVersion = 16.0.31729.503
MinimumVisualStudioVersion = 10.0.40219.1
Project("{FAE04EC0-301F-11D3-BF4B-00C04F79EFBC}") = "LearninGO", "LearninGO\LearninGO.csproj", "{06EAC3F7-66AB-449E-9046-815436BD1CC4}"
EndProject
Global
	GlobalSection(SolutionConfigurationPlatforms) = preSolution
		Debug|Any CPU = Debug|Any CPU
		Release|Any CPU = Release|Any CPU
	EndGlobalSection
	GlobalSection(ProjectConfigurationPlatforms) = postSolution
		{06EAC3F7-66AB-449E-9046-815436BD1CC4}.Debug|Any CPU.ActiveCfg = Debug|Any CPU
		{06EAC3F7-66AB-449E-9046-815436BD1CC4}.Debug|Any CPU.Build.0 = Debug|Any CPU
		{06EAC3F7-66AB-449E-9046-815436BD1CC4}.Release|Any CPU.ActiveCfg = Release|Any CPU
		{06EAC3F7-66AB-449E-9046-815436BD1CC4}.Release|Any CPU.Build.0 = Release|Any CPU
	EndGlobalSection
	GlobalSection(SolutionProperties) = preSolution
		HideSolutionNode = FALSE
	EndGlobalSection
	GlobalSection(ExtensibilityGlobals) = postSolution
		SolutionGuid = {F00C17EC-869C-4134-822C-7BBD2F1035E0}
	EndGlobalSection
EndGlobal
